
Microsoft Visual Studio Solution File, Format Version 12.00
# Visual Studio 15
VisualStudioVersion = 15.0.27130.2024
MinimumVisualStudioVersion = 10.0.40219.1
Project("{FAE04EC0-301F-11D3-BF4B-00C04F79EFBC}") = "prjSires", "prjSires\prjSires.csproj", "{94890109-C5D9-466D-B147-DA0DA82A4F19}"
EndProject
Global
	GlobalSection(SolutionConfigurationPlatforms) = preSolution
		Debug|Any CPU = Debug|Any CPU
		Release|Any CPU = Release|Any CPU
	EndGlobalSection
	GlobalSection(ProjectConfigurationPlatforms) = postSolution
		{94890109-C5D9-466D-B147-DA0DA82A4F19}.Debug|Any CPU.ActiveCfg = Debug|Any CPU
		{94890109-C5D9-466D-B147-DA0DA82A4F19}.Debug|Any CPU.Build.0 = Debug|Any CPU
		{94890109-C5D9-466D-B147-DA0DA82A4F19}.Release|Any CPU.ActiveCfg = Release|Any CPU
		{94890109-C5D9-466D-B147-DA0DA82A4F19}.Release|Any CPU.Build.0 = Release|Any CPU
	EndGlobalSection
	GlobalSection(SolutionProperties) = preSolution
		HideSolutionNode = FALSE
	EndGlobalSection
	GlobalSection(ExtensibilityGlobals) = postSolution
		SolutionGuid = {83CB67A1-E48D-45A9-9A72-18EB5104D28D}
	EndGlobalSection
EndGlobal
